
Microsoft Visual Studio Solution File, Format Version 12.00
# Visual Studio Version 17
VisualStudioVersion = 17.9.34728.123
MinimumVisualStudioVersion = 10.0.40219.1
Project("{9A19103F-16F7-4668-BE54-9A1E7A4F7556}") = "OptionSettings", "OptionSettings\OptionSettings.csproj", "{5AD13290-1397-4C40-8962-D74FEC453566}"
EndProject
Project("{9A19103F-16F7-4668-BE54-9A1E7A4F7556}") = "OptionSettings.Demo", "OptionSettings.Demo\OptionSettings.Demo.csproj", "{EECFA54A-0F6C-48A4-ADCB-2883BA872E25}"
EndProject
Global
	GlobalSection(SolutionConfigurationPlatforms) = preSolution
		Debug|Any CPU = Debug|Any CPU
		Release|Any CPU = Release|Any CPU
	EndGlobalSection
	GlobalSection(ProjectConfigurationPlatforms) = postSolution
		{5AD13290-1397-4C40-8962-D74FEC453566}.Debug|Any CPU.ActiveCfg = Debug|Any CPU
		{5AD13290-1397-4C40-8962-D74FEC453566}.Debug|Any CPU.Build.0 = Debug|Any CPU
		{5AD13290-1397-4C40-8962-D74FEC453566}.Release|Any CPU.ActiveCfg = Release|Any CPU
		{5AD13290-1397-4C40-8962-D74FEC453566}.Release|Any CPU.Build.0 = Release|Any CPU
		{EECFA54A-0F6C-48A4-ADCB-2883BA872E25}.Debug|Any CPU.ActiveCfg = Debug|Any CPU
		{EECFA54A-0F6C-48A4-ADCB-2883BA872E25}.Debug|Any CPU.Build.0 = Debug|Any CPU
		{EECFA54A-0F6C-48A4-ADCB-2883BA872E25}.Release|Any CPU.ActiveCfg = Release|Any CPU
		{EECFA54A-0F6C-48A4-ADCB-2883BA872E25}.Release|Any CPU.Build.0 = Release|Any CPU
	EndGlobalSection
	GlobalSection(SolutionProperties) = preSolution
		HideSolutionNode = FALSE
	EndGlobalSection
	GlobalSection(ExtensibilityGlobals) = postSolution
		SolutionGuid = {7CAD6F97-77C3-4B30-80C1-2B1E221795E4}
	EndGlobalSection
EndGlobal
